
Microsoft Visual Studio Solution File, Format Version 12.00
# Visual Studio Version 16
VisualStudioVersion = 16.0.31624.102
MinimumVisualStudioVersion = 10.0.40219.1
Project("{8BC9CEB8-8B4A-11D0-8D11-00A0C91BC942}") = "PR6.4(rec)", "PR6.4(rec)\PR6.4(rec).vcxproj", "{DD3EBF29-2BBC-471D-BF9C-87A4AFA79A98}"
EndProject
Project("{8BC9CEB8-8B4A-11D0-8D11-00A0C91BC942}") = "UnitTest6.4(rec)", "UnitTest6.4(rec)\UnitTest6.4(rec).vcxproj", "{1B28B57F-3E3C-444B-BC54-853A2F913C3A}"
EndProject
Global
	GlobalSection(SolutionConfigurationPlatforms) = preSolution
		Debug|x64 = Debug|x64
		Debug|x86 = Debug|x86
		Release|x64 = Release|x64
		Release|x86 = Release|x86
	EndGlobalSection
	GlobalSection(ProjectConfigurationPlatforms) = postSolution
		{DD3EBF29-2BBC-471D-BF9C-87A4AFA79A98}.Debug|x64.ActiveCfg = Debug|x64
		{DD3EBF29-2BBC-471D-BF9C-87A4AFA79A98}.Debug|x64.Build.0 = Debug|x64
		{DD3EBF29-2BBC-471D-BF9C-87A4AFA79A98}.Debug|x86.ActiveCfg = Debug|Win32
		{DD3EBF29-2BBC-471D-BF9C-87A4AFA79A98}.Debug|x86.Build.0 = Debug|Win32
		{DD3EBF29-2BBC-471D-BF9C-87A4AFA79A98}.Release|x64.ActiveCfg = Release|x64
		{DD3EBF29-2BBC-471D-BF9C-87A4AFA79A98}.Release|x64.Build.0 = Release|x64
		{DD3EBF29-2BBC-471D-BF9C-87A4AFA79A98}.Release|x86.ActiveCfg = Release|Win32
		{DD3EBF29-2BBC-471D-BF9C-87A4AFA79A98}.Release|x86.Build.0 = Release|Win32
		{1B28B57F-3E3C-444B-BC54-853A2F913C3A}.Debug|x64.ActiveCfg = Debug|x64
		{1B28B57F-3E3C-444B-BC54-853A2F913C3A}.Debug|x64.Build.0 = Debug|x64
		{1B28B57F-3E3C-444B-BC54-853A2F913C3A}.Debug|x86.ActiveCfg = Debug|Win32
		{1B28B57F-3E3C-444B-BC54-853A2F913C3A}.Debug|x86.Build.0 = Debug|Win32
		{1B28B57F-3E3C-444B-BC54-853A2F913C3A}.Release|x64.ActiveCfg = Release|x64
		{1B28B57F-3E3C-444B-BC54-853A2F913C3A}.Release|x64.Build.0 = Release|x64
		{1B28B57F-3E3C-444B-BC54-853A2F913C3A}.Release|x86.ActiveCfg = Release|Win32
		{1B28B57F-3E3C-444B-BC54-853A2F913C3A}.Release|x86.Build.0 = Release|Win32
	EndGlobalSection
	GlobalSection(SolutionProperties) = preSolution
		HideSolutionNode = FALSE
	EndGlobalSection
	GlobalSection(ExtensibilityGlobals) = postSolution
		SolutionGuid = {6E94C42F-1480-49FF-9882-EAE3448AA38C}
	EndGlobalSection
EndGlobal
